
Microsoft Visual Studio Solution File, Format Version 12.00
# Visual Studio 2013
VisualStudioVersion = 12.0.30110.0
MinimumVisualStudioVersion = 10.0.40219.1
Project("{CC5FD16D-436D-48AD-A40C-5A424C6E3E79}") = "Worker", "Worker\Worker.ccproj", "{60330BDA-68AD-48B7-B690-CCA9CA12AA46}"
EndProject
Project("{FAE04EC0-301F-11D3-BF4B-00C04F79EFBC}") = "WorkerRole", "WorkerRole\WorkerRole.csproj", "{B29137BB-979A-42C4-9D1C-10980484C832}"
EndProject
Project("{FAE04EC0-301F-11D3-BF4B-00C04F79EFBC}") = "Collector", "Collector\Collector.csproj", "{DBEA11C1-6F8F-4903-9363-E56DFF5220A5}"
EndProject
Project("{FAE04EC0-301F-11D3-BF4B-00C04F79EFBC}") = "Test.Collector", "Test.Collector\Test.Collector.csproj", "{D115C218-8A0D-4920-8E34-B79C35284E1B}"
EndProject
Project("{FAE04EC0-301F-11D3-BF4B-00C04F79EFBC}") = "Common", "Common\Common.csproj", "{864788BC-6665-4A10-8735-F16F32492063}"
EndProject
Project("{FAE04EC0-301F-11D3-BF4B-00C04F79EFBC}") = "CmdConrtoller", "CmdConrtoller\CmdConrtoller.csproj", "{E793B447-F9F9-412D-AB51-AD698FA63E4F}"
EndProject
Global
	GlobalSection(SolutionConfigurationPlatforms) = preSolution
		Debug|Any CPU = Debug|Any CPU
		Release|Any CPU = Release|Any CPU
	EndGlobalSection
	GlobalSection(ProjectConfigurationPlatforms) = postSolution
		{60330BDA-68AD-48B7-B690-CCA9CA12AA46}.Debug|Any CPU.ActiveCfg = Debug|Any CPU
		{60330BDA-68AD-48B7-B690-CCA9CA12AA46}.Debug|Any CPU.Build.0 = Debug|Any CPU
		{60330BDA-68AD-48B7-B690-CCA9CA12AA46}.Release|Any CPU.ActiveCfg = Release|Any CPU
		{60330BDA-68AD-48B7-B690-CCA9CA12AA46}.Release|Any CPU.Build.0 = Release|Any CPU
		{B29137BB-979A-42C4-9D1C-10980484C832}.Debug|Any CPU.ActiveCfg = Debug|Any CPU
		{B29137BB-979A-42C4-9D1C-10980484C832}.Debug|Any CPU.Build.0 = Debug|Any CPU
		{B29137BB-979A-42C4-9D1C-10980484C832}.Release|Any CPU.ActiveCfg = Release|Any CPU
		{B29137BB-979A-42C4-9D1C-10980484C832}.Release|Any CPU.Build.0 = Release|Any CPU
		{DBEA11C1-6F8F-4903-9363-E56DFF5220A5}.Debug|Any CPU.ActiveCfg = Debug|Any CPU
		{DBEA11C1-6F8F-4903-9363-E56DFF5220A5}.Debug|Any CPU.Build.0 = Debug|Any CPU
		{DBEA11C1-6F8F-4903-9363-E56DFF5220A5}.Release|Any CPU.ActiveCfg = Release|Any CPU
		{DBEA11C1-6F8F-4903-9363-E56DFF5220A5}.Release|Any CPU.Build.0 = Release|Any CPU
		{D115C218-8A0D-4920-8E34-B79C35284E1B}.Debug|Any CPU.ActiveCfg = Debug|Any CPU
		{D115C218-8A0D-4920-8E34-B79C35284E1B}.Debug|Any CPU.Build.0 = Debug|Any CPU
		{D115C218-8A0D-4920-8E34-B79C35284E1B}.Release|Any CPU.ActiveCfg = Release|Any CPU
		{D115C218-8A0D-4920-8E34-B79C35284E1B}.Release|Any CPU.Build.0 = Release|Any CPU
		{864788BC-6665-4A10-8735-F16F32492063}.Debug|Any CPU.ActiveCfg = Debug|Any CPU
		{864788BC-6665-4A10-8735-F16F32492063}.Debug|Any CPU.Build.0 = Debug|Any CPU
		{864788BC-6665-4A10-8735-F16F32492063}.Release|Any CPU.ActiveCfg = Release|Any CPU
		{864788BC-6665-4A10-8735-F16F32492063}.Release|Any CPU.Build.0 = Release|Any CPU
		{E793B447-F9F9-412D-AB51-AD698FA63E4F}.Debug|Any CPU.ActiveCfg = Debug|Any CPU
		{E793B447-F9F9-412D-AB51-AD698FA63E4F}.Debug|Any CPU.Build.0 = Debug|Any CPU
		{E793B447-F9F9-412D-AB51-AD698FA63E4F}.Release|Any CPU.ActiveCfg = Release|Any CPU
		{E793B447-F9F9-412D-AB51-AD698FA63E4F}.Release|Any CPU.Build.0 = Release|Any CPU
	EndGlobalSection
	GlobalSection(SolutionProperties) = preSolution
		HideSolutionNode = FALSE
	EndGlobalSection
EndGlobal
